
Microsoft Visual Studio Solution File, Format Version 12.00
# Visual Studio Version 16
VisualStudioVersion = 16.0.33214.272
MinimumVisualStudioVersion = 10.0.40219.1
Project("{FAE04EC0-301F-11D3-BF4B-00C04F79EFBC}") = "FbAuth", "FbAuth\FbAuth.csproj", "{677047C6-07F0-4054-88D4-09486BA441F5}"
EndProject
Global
	GlobalSection(SolutionConfigurationPlatforms) = preSolution
		Debug|Any CPU = Debug|Any CPU
		Release|Any CPU = Release|Any CPU
	EndGlobalSection
	GlobalSection(ProjectConfigurationPlatforms) = postSolution
		{677047C6-07F0-4054-88D4-09486BA441F5}.Debug|Any CPU.ActiveCfg = Debug|Any CPU
		{677047C6-07F0-4054-88D4-09486BA441F5}.Debug|Any CPU.Build.0 = Debug|Any CPU
		{677047C6-07F0-4054-88D4-09486BA441F5}.Release|Any CPU.ActiveCfg = Release|Any CPU
		{677047C6-07F0-4054-88D4-09486BA441F5}.Release|Any CPU.Build.0 = Release|Any CPU
	EndGlobalSection
	GlobalSection(SolutionProperties) = preSolution
		HideSolutionNode = FALSE
	EndGlobalSection
	GlobalSection(ExtensibilityGlobals) = postSolution
		SolutionGuid = {FA10F942-CE7D-4FDD-9F42-8F1392FCB4C4}
	EndGlobalSection
EndGlobal
